
Microsoft Visual Studio Solution File, Format Version 12.00
# Visual Studio Version 16
VisualStudioVersion = 16.0.30611.23
MinimumVisualStudioVersion = 10.0.40219.1
Project("{FAE04EC0-301F-11D3-BF4B-00C04F79EFBC}") = "AsyncLogger", "AsyncLogger.csproj", "{752E777D-0DAD-4C97-A80E-84629BF2260F}"
EndProject
Global
	GlobalSection(SolutionConfigurationPlatforms) = preSolution
		Debug|Any CPU = Debug|Any CPU
		Release|Any CPU = Release|Any CPU
	EndGlobalSection
	GlobalSection(ProjectConfigurationPlatforms) = postSolution
		{752E777D-0DAD-4C97-A80E-84629BF2260F}.Debug|Any CPU.ActiveCfg = Debug|Any CPU
		{752E777D-0DAD-4C97-A80E-84629BF2260F}.Debug|Any CPU.Build.0 = Debug|Any CPU
		{752E777D-0DAD-4C97-A80E-84629BF2260F}.Release|Any CPU.ActiveCfg = Release|Any CPU
		{752E777D-0DAD-4C97-A80E-84629BF2260F}.Release|Any CPU.Build.0 = Release|Any CPU
	EndGlobalSection
	GlobalSection(SolutionProperties) = preSolution
		HideSolutionNode = FALSE
	EndGlobalSection
	GlobalSection(ExtensibilityGlobals) = postSolution
		SolutionGuid = {823C9090-4C82-491A-A8DC-AF31963927D0}
	EndGlobalSection
EndGlobal
